// !$*UTF8*$!
{
	archiveVersion = 1;
	classes = {
	};
	objectVersion = 56;
	objects = {

/* Begin PBXBuildFile section */
		280841B62B0F291100A12F6F /* AppDelegate.swift in Sources */ = {isa = PBXBuildFile; fileRef = 280841B52B0F291100A12F6F /* AppDelegate.swift */; };
		280841B82B0F291100A12F6F /* SceneDelegate.swift in Sources */ = {isa = PBXBuildFile; fileRef = 280841B72B0F291100A12F6F /* SceneDelegate.swift */; };
		280841BF2B0F291200A12F6F /* Assets.xcassets in Resources */ = {isa = PBXBuildFile; fileRef = 280841BE2B0F291200A12F6F /* Assets.xcassets */; };
		28460A242B0FBB8300308B5F /* TrackersViewController.swift in Sources */ = {isa = PBXBuildFile; fileRef = 28460A232B0FBB8300308B5F /* TrackersViewController.swift */; };
		28460A272B0FBBA600308B5F /* StatisticViewController.swift in Sources */ = {isa = PBXBuildFile; fileRef = 28460A262B0FBBA600308B5F /* StatisticViewController.swift */; };
		28460A2A2B0FBC2F00308B5F /* TabBarController.swift in Sources */ = {isa = PBXBuildFile; fileRef = 28460A292B0FBC2F00308B5F /* TabBarController.swift */; };
		28460A512B1121B700308B5F /* Tracker.swift in Sources */ = {isa = PBXBuildFile; fileRef = 28460A502B1121B700308B5F /* Tracker.swift */; };
		28460A532B1121C600308B5F /* TrackerCategory.swift in Sources */ = {isa = PBXBuildFile; fileRef = 28460A522B1121C600308B5F /* TrackerCategory.swift */; };
		28460A552B1121D400308B5F /* TrackerRecord.swift in Sources */ = {isa = PBXBuildFile; fileRef = 28460A542B1121D400308B5F /* TrackerRecord.swift */; };
		285D0D342B13A9B000824522 /* TrackersViewCell.swift in Sources */ = {isa = PBXBuildFile; fileRef = 285D0D332B13A9B000824522 /* TrackersViewCell.swift */; };
		285D0D362B13AAB900824522 /* README.md in Resources */ = {isa = PBXBuildFile; fileRef = 285D0D352B13AAB900824522 /* README.md */; };
		BF5CED432B10955F00ED6AD4 /* LaunchViewController.swift in Sources */ = {isa = PBXBuildFile; fileRef = BF5CED422B10955F00ED6AD4 /* LaunchViewController.swift */; };
/* End PBXBuildFile section */

/* Begin PBXFileReference section */
		280841B22B0F291100A12F6F /* HabitTracker.app */ = {isa = PBXFileReference; explicitFileType = wrapper.application; includeInIndex = 0; path = HabitTracker.app; sourceTree = BUILT_PRODUCTS_DIR; };
		280841B52B0F291100A12F6F /* AppDelegate.swift */ = {isa = PBXFileReference; lastKnownFileType = sourcecode.swift; path = AppDelegate.swift; sourceTree = "<group>"; };
		280841B72B0F291100A12F6F /* SceneDelegate.swift */ = {isa = PBXFileReference; lastKnownFileType = sourcecode.swift; path = SceneDelegate.swift; sourceTree = "<group>"; };
		280841BE2B0F291200A12F6F /* Assets.xcassets */ = {isa = PBXFileReference; lastKnownFileType = folder.assetcatalog; path = Assets.xcassets; sourceTree = "<group>"; };
		280841C32B0F291200A12F6F /* Info.plist */ = {isa = PBXFileReference; lastKnownFileType = text.plist.xml; path = Info.plist; sourceTree = "<group>"; };
		28460A232B0FBB8300308B5F /* TrackersViewController.swift */ = {isa = PBXFileReference; lastKnownFileType = sourcecode.swift; path = TrackersViewController.swift; sourceTree = "<group>"; };
		28460A262B0FBBA600308B5F /* StatisticViewController.swift */ = {isa = PBXFileReference; lastKnownFileType = sourcecode.swift; path = StatisticViewController.swift; sourceTree = "<group>"; };
		28460A292B0FBC2F00308B5F /* TabBarController.swift */ = {isa = PBXFileReference; lastKnownFileType = sourcecode.swift; path = TabBarController.swift; sourceTree = "<group>"; };
		28460A502B1121B700308B5F /* Tracker.swift */ = {isa = PBXFileReference; lastKnownFileType = sourcecode.swift; path = Tracker.swift; sourceTree = "<group>"; };
		28460A522B1121C600308B5F /* TrackerCategory.swift */ = {isa = PBXFileReference; lastKnownFileType = sourcecode.swift; path = TrackerCategory.swift; sourceTree = "<group>"; };
		28460A542B1121D400308B5F /* TrackerRecord.swift */ = {isa = PBXFileReference; lastKnownFileType = sourcecode.swift; path = TrackerRecord.swift; sourceTree = "<group>"; };
		285D0D332B13A9B000824522 /* TrackersViewCell.swift */ = {isa = PBXFileReference; lastKnownFileType = sourcecode.swift; path = TrackersViewCell.swift; sourceTree = "<group>"; };
		285D0D352B13AAB900824522 /* README.md */ = {isa = PBXFileReference; fileEncoding = 4; lastKnownFileType = net.daringfireball.markdown; path = README.md; sourceTree = "<group>"; };
		BF5CED422B10955F00ED6AD4 /* LaunchViewController.swift */ = {isa = PBXFileReference; lastKnownFileType = sourcecode.swift; path = LaunchViewController.swift; sourceTree = "<group>"; };
/* End PBXFileReference section */

/* Begin PBXFrameworksBuildPhase section */
		280841AF2B0F291100A12F6F /* Frameworks */ = {
			isa = PBXFrameworksBuildPhase;
			buildActionMask = 2147483647;
			files = (
			);
			runOnlyForDeploymentPostprocessing = 0;
		};
/* End PBXFrameworksBuildPhase section */

/* Begin PBXGroup section */
		280841A92B0F291000A12F6F = {
			isa = PBXGroup;
			children = (
				285D0D352B13AAB900824522 /* README.md */,
				280841B42B0F291100A12F6F /* HabitTracker */,
				280841B32B0F291100A12F6F /* Products */,
			);
			sourceTree = "<group>";
		};
		280841B32B0F291100A12F6F /* Products */ = {
			isa = PBXGroup;
			children = (
				280841B22B0F291100A12F6F /* HabitTracker.app */,
			);
			name = Products;
			sourceTree = "<group>";
		};
		280841B42B0F291100A12F6F /* HabitTracker */ = {
			isa = PBXGroup;
			children = (
				BF5CED412B1094C100ED6AD4 /* LaunchScreen */,
				280841C92B0F2A6A00A12F6F /* App */,
				28460A4F2B11219D00308B5F /* Models */,
				28460A282B0FBBB700308B5F /* TabBarController */,
				28460A222B0FBB4300308B5F /* TrackersVC */,
				28460A252B0FBB8900308B5F /* StatisticVC */,
				280841CA2B0F2A7300A12F6F /* Resources */,
			);
			path = HabitTracker;
			sourceTree = "<group>";
		};
		280841C92B0F2A6A00A12F6F /* App */ = {
			isa = PBXGroup;
			children = (
				280841B52B0F291100A12F6F /* AppDelegate.swift */,
				280841B72B0F291100A12F6F /* SceneDelegate.swift */,
				280841C32B0F291200A12F6F /* Info.plist */,
			);
			path = App;
			sourceTree = "<group>";
		};
		280841CA2B0F2A7300A12F6F /* Resources */ = {
			isa = PBXGroup;
			children = (
				280841BE2B0F291200A12F6F /* Assets.xcassets */,
			);
			path = Resources;
			sourceTree = "<group>";
		};
		28460A222B0FBB4300308B5F /* TrackersVC */ = {
			isa = PBXGroup;
			children = (
				285D0D372B13B53D00824522 /* Cells */,
				28460A232B0FBB8300308B5F /* TrackersViewController.swift */,
			);
			path = TrackersVC;
			sourceTree = "<group>";
		};
		28460A252B0FBB8900308B5F /* StatisticVC */ = {
			isa = PBXGroup;
			children = (
				28460A262B0FBBA600308B5F /* StatisticViewController.swift */,
			);
			path = StatisticVC;
			sourceTree = "<group>";
		};
		28460A282B0FBBB700308B5F /* TabBarController */ = {
			isa = PBXGroup;
			children = (
				28460A292B0FBC2F00308B5F /* TabBarController.swift */,
			);
			path = TabBarController;
			sourceTree = "<group>";
		};
		28460A4F2B11219D00308B5F /* Models */ = {
			isa = PBXGroup;
			children = (
				28460A502B1121B700308B5F /* Tracker.swift */,
				28460A522B1121C600308B5F /* TrackerCategory.swift */,
				28460A542B1121D400308B5F /* TrackerRecord.swift */,
			);
			path = Models;
			sourceTree = "<group>";
		};
		285D0D372B13B53D00824522 /* Cells */ = {
			isa = PBXGroup;
			children = (
				285D0D332B13A9B000824522 /* TrackersViewCell.swift */,
			);
			path = Cells;
			sourceTree = "<group>";
		};
		BF5CED412B1094C100ED6AD4 /* LaunchScreen */ = {
			isa = PBXGroup;
			children = (
				BF5CED422B10955F00ED6AD4 /* LaunchViewController.swift */,
			);
			path = LaunchScreen;
			sourceTree = "<group>";
		};
/* End PBXGroup section */

/* Begin PBXNativeTarget section */
		280841B12B0F291100A12F6F /* HabitTracker */ = {
			isa = PBXNativeTarget;
			buildConfigurationList = 280841C62B0F291200A12F6F /* Build configuration list for PBXNativeTarget "HabitTracker" */;
			buildPhases = (
				280841AE2B0F291100A12F6F /* Sources */,
				280841AF2B0F291100A12F6F /* Frameworks */,
				280841B02B0F291100A12F6F /* Resources */,
			);
			buildRules = (
			);
			dependencies = (
			);
			name = HabitTracker;
			productName = HabitTracker;
			productReference = 280841B22B0F291100A12F6F /* HabitTracker.app */;
			productType = "com.apple.product-type.application";
		};
/* End PBXNativeTarget section */

/* Begin PBXProject section */
		280841AA2B0F291000A12F6F /* Project object */ = {
			isa = PBXProject;
			attributes = {
				BuildIndependentTargetsInParallel = 1;
				LastSwiftUpdateCheck = 1500;
				LastUpgradeCheck = 1500;
				TargetAttributes = {
					280841B12B0F291100A12F6F = {
						CreatedOnToolsVersion = 15.0;
					};
				};
			};
			buildConfigurationList = 280841AD2B0F291000A12F6F /* Build configuration list for PBXProject "HabitTracker" */;
			compatibilityVersion = "Xcode 14.0";
			developmentRegion = en;
			hasScannedForEncodings = 0;
			knownRegions = (
				en,
				Base,
			);
			mainGroup = 280841A92B0F291000A12F6F;
			productRefGroup = 280841B32B0F291100A12F6F /* Products */;
			projectDirPath = "";
			projectRoot = "";
			targets = (
				280841B12B0F291100A12F6F /* HabitTracker */,
			);
		};
/* End PBXProject section */

/* Begin PBXResourcesBuildPhase section */
		280841B02B0F291100A12F6F /* Resources */ = {
			isa = PBXResourcesBuildPhase;
			buildActionMask = 2147483647;
			files = (
				285D0D362B13AAB900824522 /* README.md in Resources */,
				280841BF2B0F291200A12F6F /* Assets.xcassets in Resources */,
			);
			runOnlyForDeploymentPostprocessing = 0;
		};
/* End PBXResourcesBuildPhase section */

/* Begin PBXSourcesBuildPhase section */
		280841AE2B0F291100A12F6F /* Sources */ = {
			isa = PBXSourcesBuildPhase;
			buildActionMask = 2147483647;
			files = (
				28460A242B0FBB8300308B5F /* TrackersViewController.swift in Sources */,
				285D0D342B13A9B000824522 /* TrackersViewCell.swift in Sources */,
				BF5CED432B10955F00ED6AD4 /* LaunchViewController.swift in Sources */,
				28460A532B1121C600308B5F /* TrackerCategory.swift in Sources */,
				280841B62B0F291100A12F6F /* AppDelegate.swift in Sources */,
				28460A2A2B0FBC2F00308B5F /* TabBarController.swift in Sources */,
				28460A552B1121D400308B5F /* TrackerRecord.swift in Sources */,
				28460A272B0FBBA600308B5F /* StatisticViewController.swift in Sources */,
				280841B82B0F291100A12F6F /* SceneDelegate.swift in Sources */,
				28460A512B1121B700308B5F /* Tracker.swift in Sources */,
			);
			runOnlyForDeploymentPostprocessing = 0;
		};
/* End PBXSourcesBuildPhase section */

/* Begin XCBuildConfiguration section */
		280841C42B0F291200A12F6F /* Debug */ = {
			isa = XCBuildConfiguration;
			buildSettings = {
				ALWAYS_SEARCH_USER_PATHS = NO;
				ASSETCATALOG_COMPILER_GENERATE_SWIFT_ASSET_SYMBOL_EXTENSIONS = YES;
				CLANG_ANALYZER_NONNULL = YES;
				CLANG_ANALYZER_NUMBER_OBJECT_CONVERSION = YES_AGGRESSIVE;
				CLANG_CXX_LANGUAGE_STANDARD = "gnu++20";
				CLANG_ENABLE_MODULES = YES;
				CLANG_ENABLE_OBJC_ARC = YES;
				CLANG_ENABLE_OBJC_WEAK = YES;
				CLANG_WARN_BLOCK_CAPTURE_AUTORELEASING = YES;
				CLANG_WARN_BOOL_CONVERSION = YES;
				CLANG_WARN_COMMA = YES;
				CLANG_WARN_CONSTANT_CONVERSION = YES;
				CLANG_WARN_DEPRECATED_OBJC_IMPLEMENTATIONS = YES;
				CLANG_WARN_DIRECT_OBJC_ISA_USAGE = YES_ERROR;
				CLANG_WARN_DOCUMENTATION_COMMENTS = YES;
				CLANG_WARN_EMPTY_BODY = YES;
				CLANG_WARN_ENUM_CONVERSION = YES;
				CLANG_WARN_INFINITE_RECURSION = YES;
				CLANG_WARN_INT_CONVERSION = YES;
				CLANG_WARN_NON_LITERAL_NULL_CONVERSION = YES;
				CLANG_WARN_OBJC_IMPLICIT_RETAIN_SELF = YES;
				CLANG_WARN_OBJC_LITERAL_CONVERSION = YES;
				CLANG_WARN_OBJC_ROOT_CLASS = YES_ERROR;
				CLANG_WARN_QUOTED_INCLUDE_IN_FRAMEWORK_HEADER = YES;
				CLANG_WARN_RANGE_LOOP_ANALYSIS = YES;
				CLANG_WARN_STRICT_PROTOTYPES = YES;
				CLANG_WARN_SUSPICIOUS_MOVE = YES;
				CLANG_WARN_UNGUARDED_AVAILABILITY = YES_AGGRESSIVE;
				CLANG_WARN_UNREACHABLE_CODE = YES;
				CLANG_WARN__DUPLICATE_METHOD_MATCH = YES;
				COPY_PHASE_STRIP = NO;
				DEBUG_INFORMATION_FORMAT = dwarf;
				ENABLE_STRICT_OBJC_MSGSEND = YES;
				ENABLE_TESTABILITY = YES;
				ENABLE_USER_SCRIPT_SANDBOXING = YES;
				GCC_C_LANGUAGE_STANDARD = gnu17;
				GCC_DYNAMIC_NO_PIC = NO;
				GCC_NO_COMMON_BLOCKS = YES;
				GCC_OPTIMIZATION_LEVEL = 0;
				GCC_PREPROCESSOR_DEFINITIONS = (
					"DEBUG=1",
					"$(inherited)",
				);
				GCC_WARN_64_TO_32_BIT_CONVERSION = YES;
				GCC_WARN_ABOUT_RETURN_TYPE = YES_ERROR;
				GCC_WARN_UNDECLARED_SELECTOR = YES;
				GCC_WARN_UNINITIALIZED_AUTOS = YES_AGGRESSIVE;
				GCC_WARN_UNUSED_FUNCTION = YES;
				GCC_WARN_UNUSED_VARIABLE = YES;
				IPHONEOS_DEPLOYMENT_TARGET = 17.0;
				LOCALIZATION_PREFERS_STRING_CATALOGS = YES;
				MTL_ENABLE_DEBUG_INFO = INCLUDE_SOURCE;
				MTL_FAST_MATH = YES;
				ONLY_ACTIVE_ARCH = YES;
				SDKROOT = iphoneos;
				SWIFT_ACTIVE_COMPILATION_CONDITIONS = "DEBUG $(inherited)";
				SWIFT_OPTIMIZATION_LEVEL = "-Onone";
			};
			name = Debug;
		};
		280841C52B0F291200A12F6F /* Release */ = {
			isa = XCBuildConfiguration;
			buildSettings = {
				ALWAYS_SEARCH_USER_PATHS = NO;
				ASSETCATALOG_COMPILER_GENERATE_SWIFT_ASSET_SYMBOL_EXTENSIONS = YES;
				CLANG_ANALYZER_NONNULL = YES;
				CLANG_ANALYZER_NUMBER_OBJECT_CONVERSION = YES_AGGRESSIVE;
				CLANG_CXX_LANGUAGE_STANDARD = "gnu++20";
				CLANG_ENABLE_MODULES = YES;
				CLANG_ENABLE_OBJC_ARC = YES;
				CLANG_ENABLE_OBJC_WEAK = YES;
				CLANG_WARN_BLOCK_CAPTURE_AUTORELEASING = YES;
				CLANG_WARN_BOOL_CONVERSION = YES;
				CLANG_WARN_COMMA = YES;
				CLANG_WARN_CONSTANT_CONVERSION = YES;
				CLANG_WARN_DEPRECATED_OBJC_IMPLEMENTATIONS = YES;
				CLANG_WARN_DIRECT_OBJC_ISA_USAGE = YES_ERROR;
				CLANG_WARN_DOCUMENTATION_COMMENTS = YES;
				CLANG_WARN_EMPTY_BODY = YES;
				CLANG_WARN_ENUM_CONVERSION = YES;
				CLANG_WARN_INFINITE_RECURSION = YES;
				CLANG_WARN_INT_CONVERSION = YES;
				CLANG_WARN_NON_LITERAL_NULL_CONVERSION = YES;
				CLANG_WARN_OBJC_IMPLICIT_RETAIN_SELF = YES;
				CLANG_WARN_OBJC_LITERAL_CONVERSION = YES;
				CLANG_WARN_OBJC_ROOT_CLASS = YES_ERROR;
				CLANG_WARN_QUOTED_INCLUDE_IN_FRAMEWORK_HEADER = YES;
				CLANG_WARN_RANGE_LOOP_ANALYSIS = YES;
				CLANG_WARN_STRICT_PROTOTYPES = YES;
				CLANG_WARN_SUSPICIOUS_MOVE = YES;
				CLANG_WARN_UNGUARDED_AVAILABILITY = YES_AGGRESSIVE;
				CLANG_WARN_UNREACHABLE_CODE = YES;
				CLANG_WARN__DUPLICATE_METHOD_MATCH = YES;
				COPY_PHASE_STRIP = NO;
				DEBUG_INFORMATION_FORMAT = "dwarf-with-dsym";
				ENABLE_NS_ASSERTIONS = NO;
				ENABLE_STRICT_OBJC_MSGSEND = YES;
				ENABLE_USER_SCRIPT_SANDBOXING = YES;
				GCC_C_LANGUAGE_STANDARD = gnu17;
				GCC_NO_COMMON_BLOCKS = YES;
				GCC_WARN_64_TO_32_BIT_CONVERSION = YES;
				GCC_WARN_ABOUT_RETURN_TYPE = YES_ERROR;
				GCC_WARN_UNDECLARED_SELECTOR = YES;
				GCC_WARN_UNINITIALIZED_AUTOS = YES_AGGRESSIVE;
				GCC_WARN_UNUSED_FUNCTION = YES;
				GCC_WARN_UNUSED_VARIABLE = YES;
				IPHONEOS_DEPLOYMENT_TARGET = 17.0;
				LOCALIZATION_PREFERS_STRING_CATALOGS = YES;
				MTL_ENABLE_DEBUG_INFO = NO;
				MTL_FAST_MATH = YES;
				SDKROOT = iphoneos;
				SWIFT_COMPILATION_MODE = wholemodule;
				VALIDATE_PRODUCT = YES;
			};
			name = Release;
		};
		280841C72B0F291200A12F6F /* Debug */ = {
			isa = XCBuildConfiguration;
			buildSettings = {
				ASSETCATALOG_COMPILER_APPICON_NAME = AppIcon;
				ASSETCATALOG_COMPILER_GLOBAL_ACCENT_COLOR_NAME = AccentColor;
				CODE_SIGN_STYLE = Automatic;
				CURRENT_PROJECT_VERSION = 1;
				GENERATE_INFOPLIST_FILE = YES;
				INFOPLIST_FILE = HabitTracker/App/Info.plist;
				INFOPLIST_KEY_UIApplicationSupportsIndirectInputEvents = YES;
				INFOPLIST_KEY_UILaunchStoryboardName = LaunchScreen;
				INFOPLIST_KEY_UISupportedInterfaceOrientations = UIInterfaceOrientationPortrait;
				INFOPLIST_KEY_UISupportedInterfaceOrientations_iPad = "UIInterfaceOrientationLandscapeLeft UIInterfaceOrientationLandscapeRight UIInterfaceOrientationPortrait UIInterfaceOrientationPortraitUpsideDown";
				IPHONEOS_DEPLOYMENT_TARGET = 13.4;
				LD_RUNPATH_SEARCH_PATHS = (
					"$(inherited)",
					"@executable_path/Frameworks",
				);
				MARKETING_VERSION = 1.0;
				PRODUCT_BUNDLE_IDENTIFIER = ru.alexrybachev.HabitTracker;
				PRODUCT_NAME = "$(TARGET_NAME)";
				SUPPORTED_PLATFORMS = "iphoneos iphonesimulator";
				SUPPORTS_MACCATALYST = NO;
				SUPPORTS_MAC_DESIGNED_FOR_IPHONE_IPAD = NO;
				SWIFT_EMIT_LOC_STRINGS = YES;
				SWIFT_VERSION = 5.0;
				TARGETED_DEVICE_FAMILY = 1;
			};
			name = Debug;
		};
		280841C82B0F291200A12F6F /* Release */ = {
			isa = XCBuildConfiguration;
			buildSettings = {
				ASSETCATALOG_COMPILER_APPICON_NAME = AppIcon;
				ASSETCATALOG_COMPILER_GLOBAL_ACCENT_COLOR_NAME = AccentColor;
				CODE_SIGN_STYLE = Automatic;
				CURRENT_PROJECT_VERSION = 1;
				GENERATE_INFOPLIST_FILE = YES;
				INFOPLIST_FILE = HabitTracker/App/Info.plist;
				INFOPLIST_KEY_UIApplicationSupportsIndirectInputEvents = YES;
				INFOPLIST_KEY_UILaunchStoryboardName = LaunchScreen;
				INFOPLIST_KEY_UISupportedInterfaceOrientations = UIInterfaceOrientationPortrait;
				INFOPLIST_KEY_UISupportedInterfaceOrientations_iPad = "UIInterfaceOrientationLandscapeLeft UIInterfaceOrientationLandscapeRight UIInterfaceOrientationPortrait UIInterfaceOrientationPortraitUpsideDown";
				IPHONEOS_DEPLOYMENT_TARGET = 13.4;
				LD_RUNPATH_SEARCH_PATHS = (
					"$(inherited)",
					"@executable_path/Frameworks",
				);
				MARKETING_VERSION = 1.0;
				PRODUCT_BUNDLE_IDENTIFIER = ru.alexrybachev.HabitTracker;
				PRODUCT_NAME = "$(TARGET_NAME)";
				SUPPORTED_PLATFORMS = "iphoneos iphonesimulator";
				SUPPORTS_MACCATALYST = NO;
				SUPPORTS_MAC_DESIGNED_FOR_IPHONE_IPAD = NO;
				SWIFT_EMIT_LOC_STRINGS = YES;
				SWIFT_VERSION = 5.0;
				TARGETED_DEVICE_FAMILY = 1;
			};
			name = Release;
		};
/* End XCBuildConfiguration section */

/* Begin XCConfigurationList section */
		280841AD2B0F291000A12F6F /* Build configuration list for PBXProject "HabitTracker" */ = {
			isa = XCConfigurationList;
			buildConfigurations = (
				280841C42B0F291200A12F6F /* Debug */,
				280841C52B0F291200A12F6F /* Release */,
			);
			defaultConfigurationIsVisible = 0;
			defaultConfigurationName = Release;
		};
		280841C62B0F291200A12F6F /* Build configuration list for PBXNativeTarget "HabitTracker" */ = {
			isa = XCConfigurationList;
			buildConfigurations = (
				280841C72B0F291200A12F6F /* Debug */,
				280841C82B0F291200A12F6F /* Release */,
			);
			defaultConfigurationIsVisible = 0;
			defaultConfigurationName = Release;
		};
/* End XCConfigurationList section */
	};
	rootObject = 280841AA2B0F291000A12F6F /* Project object */;
}
